github.com/cschomburg/go-pushbullet v0.0.0-20171206132031-67759df45fbb h1:7X9nrm+LNWdxzQOiCjy0G51rNUxbH35IDHCjAMvogyM=
github.com/cschomburg/go-pushbullet v0.0.0-20171206132031-67759df45fbb/go.mod h1:RfQ9wji3fjcSEsQ+uFCtIh3+BXgcZum8Kt3JxvzYzlk=
github.com/golang-jwt/jwt/v4 v4.5.2 h1:YtQM7lnr8iZ+j5q71MGKkNw9Mn7AjHM68uc9g5fXeUI=
github.com/golang-jwt/jwt/v4 v4.5.2/go.mod h1:m21LjoU+eqJr34lmDMbreY2eSTRJ1cv77w39/MY0Ch0=
github.com/google/go-cmp v0.7.0 h1:wk8382ETsv4JYUZwIsn6YpYiWiBsYLSJiTsyBybVuN8=
github.com/google/go-cmp v0.7.0/go.mod h1:pXiqmnSA92OHEEa9HXL2W4E7lf9JzCmGVUdgjX3N/iU=
github.com/jordan-wright/email v4.0.1-0.20210109023952-943e75fe5223+incompatible h1:jdpOPRN1zP63Td1hDQbZW73xKmzDvZHzVdNYxhnTMDA=
github.com/jordan-wright/email v4.0.1-0.20210109023952-943e75fe5223+incompatible/go.mod h1:1c7szIrayyPPB/987hsnvNzLushdWf4o/79s3P08L8A=
github.com/lib/pq v1.12.3 h1:tTWxr2YLKwIvK90ZXEw8GP7UFHtcbTtty8zsI+YjrfQ=
github.com/lib/pq v1.12.3/go.mod h1:/p+8NSbOcwzAEI7wiMXFlgydTwcgTr3OSKMsD2BitpA=
github.com/nicklaw5/helix/v2 v2.34.0 h1:mdio9Wm+TQIjuJ199myvcKEcAmHiqigHsZlG1fDaPIE=
github.com/nicklaw5/helix/v2 v2.34.0/go.mod h1:KaXa2mb2kBzsDana9RbXevTgnfU95DMoSORWo2hqlWA=
github.com/nikoksr/notify v1.5.0 h1:mzkCw8eb0P+qHwgmGQyPPGqz4GH+07FJDr44Bs16T9k=
github.com/nikoksr/notify v1.5.0/go.mod h1:CEV9Bw9Y59K5oj7d8h83Xl32ATeL43ZEg9qTQsfwcCc=
github.com/sirupsen/logrus v1.10.1 h1:xi4336Zh11WpU14fXR6I67V3yaTPQYwRx2WEtHbRg4Q=
github.com/sirupsen/logrus v1.10.1/go.mod h1:vsQHnG7xzNsxk3NrwboUiWPnIC3dmbjcGPykD7+tiHk=
github.com/stretchr/testify v1.12.0 h1:K6Mr6jO9JICuend/5xzTM03ydSV3vdNRYAdPSukj8uI=
github.com/stretchr/testify v1.12.0/go.mod h1:bOYBZb5qJ00vPzWfIqBUZPaxK8jWiXc6d3ErP4Ca9Gw=
golang.org/x/sync v0.22.0 h1:SZjpbeLmrCk4xhRSZFNZW5gFUeCeFgjekvI/+gfScek=
golang.org/x/sync v0.22.0/go.mod h1:9xrNwdLfx4jkKbNva9FpL6vEN7evnE43NNNJQ2LF3+0=
golang.org/x/sys v0.47.0 h1:o7XGOvZQCADBQQ4Y7VNq2dRWQR7JmOUW8Kxx4ZsNgWs=
golang.org/x/sys v0.47.0/go.mod h1:4GL1E5IUh+htKOUEOaiffhrAeqysfVGipDYzABqnCmw=
gopkg.in/yaml.v3 v3.0.1 h1:fxVm/GzAzEWqLHuvctI91KS9hhNmmWOoWu0XTYJS7CA=
gopkg.in/yaml.v3 v3.0.1/go.mod h1:K4uyk7z7BCEPqu6E+C64Yfv1cQ7kz7rIZviUmN+EgEM=
